{
  "name": "comma",
  "version": "1.0.0",
  "lockfileVersion": 3,
  "requires": true,
  "packages": {
    "": {
      "name": "comma",
      "version": "1.0.0",
      "devDependencies": {
        "@jackemcpherson/rds-js": "^0.2.0",
        "hyparquet": "^1.25.6"
      }
    },
    "node_modules/@jackemcpherson/rds-js": {
      "version": "0.2.0",
      "resolved": "https://registry.npmjs.org/@jackemcpherson/rds-js/-/rds-js-0.2.0.tgz",
      "integrity": "sha512-YMaai5MFEM+KwfkhetiQR5Q/mJUzJu7HntjSj++3hG8hVcpSUgsAcd0Q3TVSvCiT2lOM3Qf6MmYarfmiWDoMgQ==",
      "dev": true,
      "license": "MIT",
      "engines": {
        "node": ">=20"
      }
    },
    "node_modules/hyparquet": {
      "version": "1.25.6",
      "resolved": "https://registry.npmjs.org/hyparquet/-/hyparquet-1.25.6.tgz",
      "integrity": "sha512-Q9W5IjkVch3ZMnYd4qFv2q8suu5Jc36yt7J+zUNM9grwnP1S189icp0jdEQKM5HJvQkTVy8NMiQ8n/dM5QAt1A==",
      "dev": true,
      "license": "MIT"
    }
  }
}
