{
  "name": "comma",
  "version": "1.0.0",
  "lockfileVersion": 3,
  "requires": true,
  "packages": {
    "": {
      "name": "comma",
      "version": "1.0.0",
      "devDependencies": {
        "@jackemcpherson/rds-js": "^0.3.0",
        "hyparquet": "^1.26.2"
      }
    },
    "node_modules/@jackemcpherson/rds-js": {
      "version": "0.3.0",
      "resolved": "https://registry.npmjs.org/@jackemcpherson/rds-js/-/rds-js-0.3.0.tgz",
      "integrity": "sha512-d9ThVCDgvPMP6n9JC+UI7g2NtnhM/kQS/N61XCJeOyeLpllFjR6jBgdgq36S5n3NEjP4q3p26+UrAfroOhRxwQ==",
      "dev": true,
      "license": "MIT",
      "engines": {
        "node": ">=20"
      }
    },
    "node_modules/hyparquet": {
      "version": "1.26.2",
      "resolved": "https://registry.npmjs.org/hyparquet/-/hyparquet-1.26.2.tgz",
      "integrity": "sha512-6qjyK7R2tZ4vnYP1J8NpcCeDPK1UIYk3xh5XgtQUnUM1iwkYbvI6Mz3xtmpMd6AfCCeoUoJVbEq29k5GReZRWA==",
      "dev": true,
      "license": "MIT"
    }
  }
}
